
Microsoft Visual Studio Solution File, Format Version 12.00
# Visual Studio 16
Project("{FAE04EC0-301F-11D3-BF4B-00C04F79EFBC}") = "Assembly-CSharp-firstpass", "Assembly-CSharp-firstpass.csproj", "{5894AC8A-21E3-DD17-951C-44BDC4FDBDFB}"
EndProject
Project("{FAE04EC0-301F-11D3-BF4B-00C04F79EFBC}") = "Assembly-CSharp", "Assembly-CSharp.csproj", "{09F2CA10-8222-567F-7F56-481EDCC83B85}"
EndProject
Project("{FAE04EC0-301F-11D3-BF4B-00C04F79EFBC}") = "Assembly-CSharp-Editor-firstpass", "Assembly-CSharp-Editor-firstpass.csproj", "{D7E215C4-1F22-3F9F-5141-B194D8093A56}"
EndProject
Global
	GlobalSection(SolutionConfigurationPlatforms) = preSolution
		Debug|Any CPU = Debug|Any CPU
		Release|Any CPU = Release|Any CPU
	EndGlobalSection
	GlobalSection(ProjectConfigurationPlatforms) = postSolution
		{5894AC8A-21E3-DD17-951C-44BDC4FDBDFB}.Debug|Any CPU.ActiveCfg = Debug|Any CPU
		{5894AC8A-21E3-DD17-951C-44BDC4FDBDFB}.Debug|Any CPU.Build.0 = Debug|Any CPU
		{5894AC8A-21E3-DD17-951C-44BDC4FDBDFB}.Release|Any CPU.ActiveCfg = Release|Any CPU
		{5894AC8A-21E3-DD17-951C-44BDC4FDBDFB}.Release|Any CPU.Build.0 = Release|Any CPU
		{09F2CA10-8222-567F-7F56-481EDCC83B85}.Debug|Any CPU.ActiveCfg = Debug|Any CPU
		{09F2CA10-8222-567F-7F56-481EDCC83B85}.Debug|Any CPU.Build.0 = Debug|Any CPU
		{09F2CA10-8222-567F-7F56-481EDCC83B85}.Release|Any CPU.ActiveCfg = Release|Any CPU
		{09F2CA10-8222-567F-7F56-481EDCC83B85}.Release|Any CPU.Build.0 = Release|Any CPU
		{D7E215C4-1F22-3F9F-5141-B194D8093A56}.Debug|Any CPU.ActiveCfg = Debug|Any CPU
		{D7E215C4-1F22-3F9F-5141-B194D8093A56}.Debug|Any CPU.Build.0 = Debug|Any CPU
		{D7E215C4-1F22-3F9F-5141-B194D8093A56}.Release|Any CPU.ActiveCfg = Release|Any CPU
		{D7E215C4-1F22-3F9F-5141-B194D8093A56}.Release|Any CPU.Build.0 = Release|Any CPU
	EndGlobalSection
	GlobalSection(SolutionProperties) = preSolution
		HideSolutionNode = FALSE
	EndGlobalSection
EndGlobal
